
Microsoft Visual Studio Solution File, Format Version 12.00
# Visual Studio Version 17
VisualStudioVersion = 17.12.35506.116
MinimumVisualStudioVersion = 10.0.40219.1
Project("{FAE04EC0-301F-11D3-BF4B-00C04F79EFBC}") = "TimeSwap.Auth", "TimeSwap.Auth\TimeSwap.Auth.csproj", "{705B3B5E-1161-40CB-B262-3CC0ECC630EC}"
EndProject
Project("{FAE04EC0-301F-11D3-BF4B-00C04F79EFBC}") = "TimeSwap.Domain", "TimeSwap.Domain\TimeSwap.Domain.csproj", "{4D990F26-CEA6-4E92-AB04-6BCC7DBDDB32}"
EndProject
Project("{FAE04EC0-301F-11D3-BF4B-00C04F79EFBC}") = "TimeSwap.Infrastructure", "TimeSwap.Infrastructure\TimeSwap.Infrastructure.csproj", "{B4CAD7A4-5C3A-4281-82AC-3B6A5DCFADE7}"
EndProject
Project("{FAE04EC0-301F-11D3-BF4B-00C04F79EFBC}") = "TimeSwap.Application", "TimeSwap.Application\TimeSwap.Application.csproj", "{F26A168A-9287-4594-8237-2763958CAD04}"
EndProject
Project("{FAE04EC0-301F-11D3-BF4B-00C04F79EFBC}") = "TimeSwap.Api", "TimeSwap.Api\TimeSwap.Api.csproj", "{5FA201EF-C8D4-4728-89CC-40C3C841583D}"
EndProject
Project("{FAE04EC0-301F-11D3-BF4B-00C04F79EFBC}") = "TimeSwap.Shared", "TimeSwap.Shared\TimeSwap.Shared.csproj", "{1B3CF601-5CE7-4460-BC19-04D63C60619E}"
EndProject
Global
	GlobalSection(SolutionConfigurationPlatforms) = preSolution
		Debug|Any CPU = Debug|Any CPU
		Release|Any CPU = Release|Any CPU
	EndGlobalSection
	GlobalSection(ProjectConfigurationPlatforms) = postSolution
		{705B3B5E-1161-40CB-B262-3CC0ECC630EC}.Debug|Any CPU.ActiveCfg = Debug|Any CPU
		{705B3B5E-1161-40CB-B262-3CC0ECC630EC}.Debug|Any CPU.Build.0 = Debug|Any CPU
		{705B3B5E-1161-40CB-B262-3CC0ECC630EC}.Release|Any CPU.ActiveCfg = Release|Any CPU
		{705B3B5E-1161-40CB-B262-3CC0ECC630EC}.Release|Any CPU.Build.0 = Release|Any CPU
		{4D990F26-CEA6-4E92-AB04-6BCC7DBDDB32}.Debug|Any CPU.ActiveCfg = Debug|Any CPU
		{4D990F26-CEA6-4E92-AB04-6BCC7DBDDB32}.Debug|Any CPU.Build.0 = Debug|Any CPU
		{4D990F26-CEA6-4E92-AB04-6BCC7DBDDB32}.Release|Any CPU.ActiveCfg = Release|Any CPU
		{4D990F26-CEA6-4E92-AB04-6BCC7DBDDB32}.Release|Any CPU.Build.0 = Release|Any CPU
		{B4CAD7A4-5C3A-4281-82AC-3B6A5DCFADE7}.Debug|Any CPU.ActiveCfg = Debug|Any CPU
		{B4CAD7A4-5C3A-4281-82AC-3B6A5DCFADE7}.Debug|Any CPU.Build.0 = Debug|Any CPU
		{B4CAD7A4-5C3A-4281-82AC-3B6A5DCFADE7}.Release|Any CPU.ActiveCfg = Release|Any CPU
		{B4CAD7A4-5C3A-4281-82AC-3B6A5DCFADE7}.Release|Any CPU.Build.0 = Release|Any CPU
		{F26A168A-9287-4594-8237-2763958CAD04}.Debug|Any CPU.ActiveCfg = Debug|Any CPU
		{F26A168A-9287-4594-8237-2763958CAD04}.Debug|Any CPU.Build.0 = Debug|Any CPU
		{F26A168A-9287-4594-8237-2763958CAD04}.Release|Any CPU.ActiveCfg = Release|Any CPU
		{F26A168A-9287-4594-8237-2763958CAD04}.Release|Any CPU.Build.0 = Release|Any CPU
		{5FA201EF-C8D4-4728-89CC-40C3C841583D}.Debug|Any CPU.ActiveCfg = Debug|Any CPU
		{5FA201EF-C8D4-4728-89CC-40C3C841583D}.Debug|Any CPU.Build.0 = Debug|Any CPU
		{5FA201EF-C8D4-4728-89CC-40C3C841583D}.Release|Any CPU.ActiveCfg = Release|Any CPU
		{5FA201EF-C8D4-4728-89CC-40C3C841583D}.Release|Any CPU.Build.0 = Release|Any CPU
		{1B3CF601-5CE7-4460-BC19-04D63C60619E}.Debug|Any CPU.ActiveCfg = Debug|Any CPU
		{1B3CF601-5CE7-4460-BC19-04D63C60619E}.Debug|Any CPU.Build.0 = Debug|Any CPU
		{1B3CF601-5CE7-4460-BC19-04D63C60619E}.Release|Any CPU.ActiveCfg = Release|Any CPU
		{1B3CF601-5CE7-4460-BC19-04D63C60619E}.Release|Any CPU.Build.0 = Release|Any CPU
	EndGlobalSection
	GlobalSection(SolutionProperties) = preSolution
		HideSolutionNode = FALSE
	EndGlobalSection
EndGlobal
